
Microsoft Visual Studio Solution File, Format Version 12.00
# Visual Studio Version 17
VisualStudioVersion = 17.9.34728.123
MinimumVisualStudioVersion = 10.0.40219.1
Project("{8BC9CEB8-8B4A-11D0-8D11-00A0C91BC942}") = "_1000", "_1000\_1000.vcxproj", "{44B6038A-9BD2-42D7-AE12-269ACBD6FD71}"
EndProject
Global
	GlobalSection(SolutionConfigurationPlatforms) = preSolution
		Debug|x64 = Debug|x64
		Debug|x86 = Debug|x86
		Release|x64 = Release|x64
		Release|x86 = Release|x86
	EndGlobalSection
	GlobalSection(ProjectConfigurationPlatforms) = postSolution
		{44B6038A-9BD2-42D7-AE12-269ACBD6FD71}.Debug|x64.ActiveCfg = Debug|x64
		{44B6038A-9BD2-42D7-AE12-269ACBD6FD71}.Debug|x64.Build.0 = Debug|x64
		{44B6038A-9BD2-42D7-AE12-269ACBD6FD71}.Debug|x86.ActiveCfg = Debug|Win32
		{44B6038A-9BD2-42D7-AE12-269ACBD6FD71}.Debug|x86.Build.0 = Debug|Win32
		{44B6038A-9BD2-42D7-AE12-269ACBD6FD71}.Release|x64.ActiveCfg = Release|x64
		{44B6038A-9BD2-42D7-AE12-269ACBD6FD71}.Release|x64.Build.0 = Release|x64
		{44B6038A-9BD2-42D7-AE12-269ACBD6FD71}.Release|x86.ActiveCfg = Release|Win32
		{44B6038A-9BD2-42D7-AE12-269ACBD6FD71}.Release|x86.Build.0 = Release|Win32
	EndGlobalSection
	GlobalSection(SolutionProperties) = preSolution
		HideSolutionNode = FALSE
	EndGlobalSection
	GlobalSection(ExtensibilityGlobals) = postSolution
		SolutionGuid = {47835116-EAA3-4A08-BAE8-A3E33B751EF2}
	EndGlobalSection
EndGlobal
