
Microsoft Visual Studio Solution File, Format Version 12.00
# Visual Studio Version 17
VisualStudioVersion = 17.9.34728.123
MinimumVisualStudioVersion = 10.0.40219.1
Project("{8BC9CEB8-8B4A-11D0-8D11-00A0C91BC942}") = "_2588", "_2588\_2588.vcxproj", "{98DB2CCF-789B-40BB-A41E-DA4B5109EA51}"
EndProject
Global
	GlobalSection(SolutionConfigurationPlatforms) = preSolution
		Debug|x64 = Debug|x64
		Debug|x86 = Debug|x86
		Release|x64 = Release|x64
		Release|x86 = Release|x86
	EndGlobalSection
	GlobalSection(ProjectConfigurationPlatforms) = postSolution
		{98DB2CCF-789B-40BB-A41E-DA4B5109EA51}.Debug|x64.ActiveCfg = Debug|x64
		{98DB2CCF-789B-40BB-A41E-DA4B5109EA51}.Debug|x64.Build.0 = Debug|x64
		{98DB2CCF-789B-40BB-A41E-DA4B5109EA51}.Debug|x86.ActiveCfg = Debug|Win32
		{98DB2CCF-789B-40BB-A41E-DA4B5109EA51}.Debug|x86.Build.0 = Debug|Win32
		{98DB2CCF-789B-40BB-A41E-DA4B5109EA51}.Release|x64.ActiveCfg = Release|x64
		{98DB2CCF-789B-40BB-A41E-DA4B5109EA51}.Release|x64.Build.0 = Release|x64
		{98DB2CCF-789B-40BB-A41E-DA4B5109EA51}.Release|x86.ActiveCfg = Release|Win32
		{98DB2CCF-789B-40BB-A41E-DA4B5109EA51}.Release|x86.Build.0 = Release|Win32
	EndGlobalSection
	GlobalSection(SolutionProperties) = preSolution
		HideSolutionNode = FALSE
	EndGlobalSection
	GlobalSection(ExtensibilityGlobals) = postSolution
		SolutionGuid = {A551F980-1F6D-4BB3-8017-CF046EBA8795}
	EndGlobalSection
EndGlobal
